
Microsoft Visual Studio Solution File, Format Version 12.00
# Visual Studio Version 17
VisualStudioVersion = 17.9.34616.47
MinimumVisualStudioVersion = 10.0.40219.1
Project("{FAE04EC0-301F-11D3-BF4B-00C04F79EFBC}") = "Program_4", "Program_4\Program_4.csproj", "{84DBFB8C-50D0-4393-8B2A-81E50BECCF18}"
EndProject
Global
	GlobalSection(SolutionConfigurationPlatforms) = preSolution
		Debug|Any CPU = Debug|Any CPU
		Release|Any CPU = Release|Any CPU
	EndGlobalSection
	GlobalSection(ProjectConfigurationPlatforms) = postSolution
		{84DBFB8C-50D0-4393-8B2A-81E50BECCF18}.Debug|Any CPU.ActiveCfg = Debug|Any CPU
		{84DBFB8C-50D0-4393-8B2A-81E50BECCF18}.Debug|Any CPU.Build.0 = Debug|Any CPU
		{84DBFB8C-50D0-4393-8B2A-81E50BECCF18}.Release|Any CPU.ActiveCfg = Release|Any CPU
		{84DBFB8C-50D0-4393-8B2A-81E50BECCF18}.Release|Any CPU.Build.0 = Release|Any CPU
	EndGlobalSection
	GlobalSection(SolutionProperties) = preSolution
		HideSolutionNode = FALSE
	EndGlobalSection
	GlobalSection(ExtensibilityGlobals) = postSolution
		SolutionGuid = {F574E6A4-6345-48EC-8490-0DA08165D538}
	EndGlobalSection
EndGlobal
